
Microsoft Visual Studio Solution File, Format Version 12.00
# Visual Studio Version 17
VisualStudioVersion = 17.10.35013.160
MinimumVisualStudioVersion = 10.0.40219.1
Project("{FAE04EC0-301F-11D3-BF4B-00C04F79EFBC}") = "MonoLesson 2 - Scaling Using Rectangles", "MonoLesson 2 - Scaling Using Rectangles\MonoLesson 2 - Scaling Using Rectangles.csproj", "{811F5185-FC3E-4356-9DF6-24587C19C281}"
EndProject
Global
	GlobalSection(SolutionConfigurationPlatforms) = preSolution
		Debug|Any CPU = Debug|Any CPU
		Release|Any CPU = Release|Any CPU
	EndGlobalSection
	GlobalSection(ProjectConfigurationPlatforms) = postSolution
		{811F5185-FC3E-4356-9DF6-24587C19C281}.Debug|Any CPU.ActiveCfg = Debug|Any CPU
		{811F5185-FC3E-4356-9DF6-24587C19C281}.Debug|Any CPU.Build.0 = Debug|Any CPU
		{811F5185-FC3E-4356-9DF6-24587C19C281}.Release|Any CPU.ActiveCfg = Release|Any CPU
		{811F5185-FC3E-4356-9DF6-24587C19C281}.Release|Any CPU.Build.0 = Release|Any CPU
	EndGlobalSection
	GlobalSection(SolutionProperties) = preSolution
		HideSolutionNode = FALSE
	EndGlobalSection
	GlobalSection(ExtensibilityGlobals) = postSolution
		SolutionGuid = {5E802EB4-FBAE-40DC-8031-0A24EFE27496}
	EndGlobalSection
EndGlobal
